
Microsoft Visual Studio Solution File, Format Version 12.00
# Visual Studio Version 17
VisualStudioVersion = 17.1.32414.318
MinimumVisualStudioVersion = 10.0.40219.1
Project("{FAE04EC0-301F-11D3-BF4B-00C04F79EFBC}") = "CubeRubick", "CubeRubick\CubeRubick.csproj", "{FBAB7E51-D328-48F7-93CC-2696417358F0}"
EndProject
Global
	GlobalSection(SolutionConfigurationPlatforms) = preSolution
		Debug|Any CPU = Debug|Any CPU
		Release|Any CPU = Release|Any CPU
	EndGlobalSection
	GlobalSection(ProjectConfigurationPlatforms) = postSolution
		{FBAB7E51-D328-48F7-93CC-2696417358F0}.Debug|Any CPU.ActiveCfg = Debug|Any CPU
		{FBAB7E51-D328-48F7-93CC-2696417358F0}.Debug|Any CPU.Build.0 = Debug|Any CPU
		{FBAB7E51-D328-48F7-93CC-2696417358F0}.Release|Any CPU.ActiveCfg = Release|Any CPU
		{FBAB7E51-D328-48F7-93CC-2696417358F0}.Release|Any CPU.Build.0 = Release|Any CPU
	EndGlobalSection
	GlobalSection(SolutionProperties) = preSolution
		HideSolutionNode = FALSE
	EndGlobalSection
	GlobalSection(ExtensibilityGlobals) = postSolution
		SolutionGuid = {1C2FD598-AC1E-4B3B-BADC-D7361C5FBB7D}
	EndGlobalSection
EndGlobal
